
Microsoft Visual Studio Solution File, Format Version 12.00
# Visual Studio 14
VisualStudioVersion = 14.0.24720.0
MinimumVisualStudioVersion = 10.0.40219.1
Project("{FAE04EC0-301F-11D3-BF4B-00C04F79EFBC}") = "Demo8 Exercises", "Demo8 Exercises\Demo8 Exercises.csproj", "{31EBC115-6F58-4711-8628-370EA7D1BA43}"
EndProject
Project("{FAE04EC0-301F-11D3-BF4B-00C04F79EFBC}") = "Shoppingcart", "Shoppingcart\Shoppingcart.csproj", "{AF0ADE7A-68FE-4406-A94A-0FAD9A36DAF3}"
EndProject
Global
	GlobalSection(SolutionConfigurationPlatforms) = preSolution
		Debug|Any CPU = Debug|Any CPU
		Release|Any CPU = Release|Any CPU
	EndGlobalSection
	GlobalSection(ProjectConfigurationPlatforms) = postSolution
		{31EBC115-6F58-4711-8628-370EA7D1BA43}.Debug|Any CPU.ActiveCfg = Debug|Any CPU
		{31EBC115-6F58-4711-8628-370EA7D1BA43}.Debug|Any CPU.Build.0 = Debug|Any CPU
		{31EBC115-6F58-4711-8628-370EA7D1BA43}.Release|Any CPU.ActiveCfg = Release|Any CPU
		{31EBC115-6F58-4711-8628-370EA7D1BA43}.Release|Any CPU.Build.0 = Release|Any CPU
		{AF0ADE7A-68FE-4406-A94A-0FAD9A36DAF3}.Debug|Any CPU.ActiveCfg = Debug|Any CPU
		{AF0ADE7A-68FE-4406-A94A-0FAD9A36DAF3}.Debug|Any CPU.Build.0 = Debug|Any CPU
		{AF0ADE7A-68FE-4406-A94A-0FAD9A36DAF3}.Release|Any CPU.ActiveCfg = Release|Any CPU
		{AF0ADE7A-68FE-4406-A94A-0FAD9A36DAF3}.Release|Any CPU.Build.0 = Release|Any CPU
	EndGlobalSection
	GlobalSection(SolutionProperties) = preSolution
		HideSolutionNode = FALSE
	EndGlobalSection
EndGlobal
